
Microsoft Visual Studio Solution File, Format Version 12.00
# Visual Studio Version 16
VisualStudioVersion = 16.0.31112.23
MinimumVisualStudioVersion = 10.0.40219.1
Project("{888888A0-9F3D-457C-B088-3A5042F75D52}") = "PythonApplication1", "PythonApplication1\PythonApplication1.pyproj", "{C8B49ED7-A070-462A-9460-784B48AC41CC}"
EndProject
Project("{888888A0-9F3D-457C-B088-3A5042F75D52}") = "parse_bps_files", "parse_bps_files\parse_bps_files.pyproj", "{9A2544AB-0FA1-4D86-B751-931664AE9D43}"
EndProject
Project("{888888A0-9F3D-457C-B088-3A5042F75D52}") = "parse_logs", "parse_logs\parse_logs.pyproj", "{DFF023B5-AAD1-4502-9536-1CEA281D0457}"
EndProject
Project("{888888A0-9F3D-457C-B088-3A5042F75D52}") = "testRecon", "testRecon\testRecon.pyproj", "{CABA96AA-4F0D-44A5-BE83-35C67B1CD2E6}"
EndProject
Project("{888888A0-9F3D-457C-B088-3A5042F75D52}") = "parse_logs_2", "parse_logs_2\parse_logs_2.pyproj", "{9B632026-7BB7-4504-8900-AFDD2A3A1FA7}"
EndProject
Project("{888888A0-9F3D-457C-B088-3A5042F75D52}") = "parseDisturbances", "parseDisturbances\parseDisturbances.pyproj", "{139544A0-4331-442F-B118-0134D2754A06}"
EndProject
Project("{888888A0-9F3D-457C-B088-3A5042F75D52}") = "AggregateLogs", "AggregateLogs\AggregateLogs.pyproj", "{513A7B5A-1846-4B5B-B785-A7D57CAA467E}"
EndProject
Project("{888888A0-9F3D-457C-B088-3A5042F75D52}") = "DaySummary", "DaySummary\DaySummary.pyproj", "{F96633E6-8D66-4C9C-BE8A-83318E104F55}"
EndProject
Project("{888888A0-9F3D-457C-B088-3A5042F75D52}") = "Stats", "Stats\Stats.pyproj", "{F03E4FD9-891F-4793-9BEB-0DBA632DDC3A}"
EndProject
Project("{888888A0-9F3D-457C-B088-3A5042F75D52}") = "ParseBPSfilesYear", "ParseBPSfilesYear\ParseBPSfilesYear.pyproj", "{E0A480D8-BA89-4700-AC46-B723EACF8E0F}"
EndProject
Project("{888888A0-9F3D-457C-B088-3A5042F75D52}") = "VmsAggregates", "VmsAggregates\VmsAggregates.pyproj", "{B7935794-D3D7-4B35-BC53-EE5C68B57AAB}"
EndProject
Project("{888888A0-9F3D-457C-B088-3A5042F75D52}") = "parse_vms_files", "parse_vms_files\parse_vms_files.pyproj", "{4329DA0D-0C64-418C-B3FC-62FFF1749E38}"
EndProject
Project("{888888A0-9F3D-457C-B088-3A5042F75D52}") = "parse_bps_operations", "parse_bps_operations\parse_bps_operations.pyproj", "{DC2C733A-C5A8-495C-A95C-00152930D202}"
EndProject
Project("{888888A0-9F3D-457C-B088-3A5042F75D52}") = "calculate_stats", "calculate_stats\calculate_stats.pyproj", "{23E6641F-8655-4F9A-B908-BB80014DFF54}"
EndProject
Project("{888888A0-9F3D-457C-B088-3A5042F75D52}") = "erista_numbers", "erista_numbers\erista_numbers.pyproj", "{110E8C79-CD2D-41A6-AFEC-ABF22BC7D119}"
EndProject
Project("{888888A0-9F3D-457C-B088-3A5042F75D52}") = "face_rec", "face_rec\face_rec.pyproj", "{F60F8AB6-7729-4CFF-A068-BC8FE57E27B7}"
EndProject
Project("{888888A0-9F3D-457C-B088-3A5042F75D52}") = "face_learn", "face_learn\face_learn.pyproj", "{C9BA9D73-CC28-4D24-B54C-C0B5C037F0F7}"
EndProject
Project("{888888A0-9F3D-457C-B088-3A5042F75D52}") = "face_webcam", "face_webcam\face_webcam.pyproj", "{72294455-97C8-4B16-96EF-89233C935256}"
EndProject
Global
	GlobalSection(SolutionConfigurationPlatforms) = preSolution
		Debug|Any CPU = Debug|Any CPU
		Release|Any CPU = Release|Any CPU
	EndGlobalSection
	GlobalSection(ProjectConfigurationPlatforms) = postSolution
		{C8B49ED7-A070-462A-9460-784B48AC41CC}.Debug|Any CPU.ActiveCfg = Debug|Any CPU
		{C8B49ED7-A070-462A-9460-784B48AC41CC}.Release|Any CPU.ActiveCfg = Release|Any CPU
		{9A2544AB-0FA1-4D86-B751-931664AE9D43}.Debug|Any CPU.ActiveCfg = Debug|Any CPU
		{9A2544AB-0FA1-4D86-B751-931664AE9D43}.Release|Any CPU.ActiveCfg = Release|Any CPU
		{DFF023B5-AAD1-4502-9536-1CEA281D0457}.Debug|Any CPU.ActiveCfg = Debug|Any CPU
		{DFF023B5-AAD1-4502-9536-1CEA281D0457}.Release|Any CPU.ActiveCfg = Release|Any CPU
		{CABA96AA-4F0D-44A5-BE83-35C67B1CD2E6}.Debug|Any CPU.ActiveCfg = Debug|Any CPU
		{CABA96AA-4F0D-44A5-BE83-35C67B1CD2E6}.Release|Any CPU.ActiveCfg = Release|Any CPU
		{9B632026-7BB7-4504-8900-AFDD2A3A1FA7}.Debug|Any CPU.ActiveCfg = Debug|Any CPU
		{9B632026-7BB7-4504-8900-AFDD2A3A1FA7}.Release|Any CPU.ActiveCfg = Release|Any CPU
		{139544A0-4331-442F-B118-0134D2754A06}.Debug|Any CPU.ActiveCfg = Debug|Any CPU
		{139544A0-4331-442F-B118-0134D2754A06}.Release|Any CPU.ActiveCfg = Release|Any CPU
		{513A7B5A-1846-4B5B-B785-A7D57CAA467E}.Debug|Any CPU.ActiveCfg = Debug|Any CPU
		{513A7B5A-1846-4B5B-B785-A7D57CAA467E}.Release|Any CPU.ActiveCfg = Release|Any CPU
		{F96633E6-8D66-4C9C-BE8A-83318E104F55}.Debug|Any CPU.ActiveCfg = Debug|Any CPU
		{F96633E6-8D66-4C9C-BE8A-83318E104F55}.Release|Any CPU.ActiveCfg = Release|Any CPU
		{F03E4FD9-891F-4793-9BEB-0DBA632DDC3A}.Debug|Any CPU.ActiveCfg = Debug|Any CPU
		{F03E4FD9-891F-4793-9BEB-0DBA632DDC3A}.Release|Any CPU.ActiveCfg = Release|Any CPU
		{E0A480D8-BA89-4700-AC46-B723EACF8E0F}.Debug|Any CPU.ActiveCfg = Debug|Any CPU
		{E0A480D8-BA89-4700-AC46-B723EACF8E0F}.Release|Any CPU.ActiveCfg = Release|Any CPU
		{B7935794-D3D7-4B35-BC53-EE5C68B57AAB}.Debug|Any CPU.ActiveCfg = Debug|Any CPU
		{B7935794-D3D7-4B35-BC53-EE5C68B57AAB}.Release|Any CPU.ActiveCfg = Release|Any CPU
		{4329DA0D-0C64-418C-B3FC-62FFF1749E38}.Debug|Any CPU.ActiveCfg = Debug|Any CPU
		{4329DA0D-0C64-418C-B3FC-62FFF1749E38}.Release|Any CPU.ActiveCfg = Release|Any CPU
		{DC2C733A-C5A8-495C-A95C-00152930D202}.Debug|Any CPU.ActiveCfg = Debug|Any CPU
		{DC2C733A-C5A8-495C-A95C-00152930D202}.Release|Any CPU.ActiveCfg = Release|Any CPU
		{23E6641F-8655-4F9A-B908-BB80014DFF54}.Debug|Any CPU.ActiveCfg = Debug|Any CPU
		{23E6641F-8655-4F9A-B908-BB80014DFF54}.Release|Any CPU.ActiveCfg = Release|Any CPU
		{110E8C79-CD2D-41A6-AFEC-ABF22BC7D119}.Debug|Any CPU.ActiveCfg = Debug|Any CPU
		{110E8C79-CD2D-41A6-AFEC-ABF22BC7D119}.Release|Any CPU.ActiveCfg = Release|Any CPU
		{F60F8AB6-7729-4CFF-A068-BC8FE57E27B7}.Debug|Any CPU.ActiveCfg = Debug|Any CPU
		{F60F8AB6-7729-4CFF-A068-BC8FE57E27B7}.Release|Any CPU.ActiveCfg = Release|Any CPU
		{C9BA9D73-CC28-4D24-B54C-C0B5C037F0F7}.Debug|Any CPU.ActiveCfg = Debug|Any CPU
		{C9BA9D73-CC28-4D24-B54C-C0B5C037F0F7}.Release|Any CPU.ActiveCfg = Release|Any CPU
		{72294455-97C8-4B16-96EF-89233C935256}.Debug|Any CPU.ActiveCfg = Debug|Any CPU
		{72294455-97C8-4B16-96EF-89233C935256}.Release|Any CPU.ActiveCfg = Release|Any CPU
	EndGlobalSection
	GlobalSection(SolutionProperties) = preSolution
		HideSolutionNode = FALSE
	EndGlobalSection
	GlobalSection(ExtensibilityGlobals) = postSolution
		SolutionGuid = {2657E93D-0DDC-45BE-9336-7E93B1F9FD84}
	EndGlobalSection
EndGlobal
